
Microsoft Visual Studio Solution File, Format Version 12.00
# Visual Studio Version 17
VisualStudioVersion = 17.2.32630.192
MinimumVisualStudioVersion = 10.0.40219.1
Project("{FAE04EC0-301F-11D3-BF4B-00C04F79EFBC}") = "Entities", "..\Entities\Entities.csproj", "{495BCA50-1E3E-4B6C-8731-26F6B27FC6E9}"
EndProject
Project("{FAE04EC0-301F-11D3-BF4B-00C04F79EFBC}") = "DataAccess", "..\DataAccess\DataAccess.csproj", "{6AA70717-D7E7-44CB-B2FE-6A19BE1DA8A9}"
EndProject
Project("{FAE04EC0-301F-11D3-BF4B-00C04F79EFBC}") = "Business", "..\Business\Business.csproj", "{3A320ED6-9AA3-4119-B538-AA5A24EA15D0}"
EndProject
Project("{FAE04EC0-301F-11D3-BF4B-00C04F79EFBC}") = "Core", "..\Core\Core.csproj", "{95115254-99BF-492B-BFCC-2212D4256721}"
EndProject
Project("{FAE04EC0-301F-11D3-BF4B-00C04F79EFBC}") = "WebAPI", "..\WebAPI\WebAPI.csproj", "{5FE42085-5A9E-4AF3-B797-4DC08A8950AB}"
EndProject
Global
	GlobalSection(SolutionConfigurationPlatforms) = preSolution
		Debug|Any CPU = Debug|Any CPU
		Release|Any CPU = Release|Any CPU
	EndGlobalSection
	GlobalSection(ProjectConfigurationPlatforms) = postSolution
		{495BCA50-1E3E-4B6C-8731-26F6B27FC6E9}.Debug|Any CPU.ActiveCfg = Debug|Any CPU
		{495BCA50-1E3E-4B6C-8731-26F6B27FC6E9}.Debug|Any CPU.Build.0 = Debug|Any CPU
		{495BCA50-1E3E-4B6C-8731-26F6B27FC6E9}.Release|Any CPU.ActiveCfg = Release|Any CPU
		{495BCA50-1E3E-4B6C-8731-26F6B27FC6E9}.Release|Any CPU.Build.0 = Release|Any CPU
		{6AA70717-D7E7-44CB-B2FE-6A19BE1DA8A9}.Debug|Any CPU.ActiveCfg = Debug|Any CPU
		{6AA70717-D7E7-44CB-B2FE-6A19BE1DA8A9}.Debug|Any CPU.Build.0 = Debug|Any CPU
		{6AA70717-D7E7-44CB-B2FE-6A19BE1DA8A9}.Release|Any CPU.ActiveCfg = Release|Any CPU
		{6AA70717-D7E7-44CB-B2FE-6A19BE1DA8A9}.Release|Any CPU.Build.0 = Release|Any CPU
		{3A320ED6-9AA3-4119-B538-AA5A24EA15D0}.Debug|Any CPU.ActiveCfg = Debug|Any CPU
		{3A320ED6-9AA3-4119-B538-AA5A24EA15D0}.Debug|Any CPU.Build.0 = Debug|Any CPU
		{3A320ED6-9AA3-4119-B538-AA5A24EA15D0}.Release|Any CPU.ActiveCfg = Release|Any CPU
		{3A320ED6-9AA3-4119-B538-AA5A24EA15D0}.Release|Any CPU.Build.0 = Release|Any CPU
		{95115254-99BF-492B-BFCC-2212D4256721}.Debug|Any CPU.ActiveCfg = Debug|Any CPU
		{95115254-99BF-492B-BFCC-2212D4256721}.Debug|Any CPU.Build.0 = Debug|Any CPU
		{95115254-99BF-492B-BFCC-2212D4256721}.Release|Any CPU.ActiveCfg = Release|Any CPU
		{95115254-99BF-492B-BFCC-2212D4256721}.Release|Any CPU.Build.0 = Release|Any CPU
		{5FE42085-5A9E-4AF3-B797-4DC08A8950AB}.Debug|Any CPU.ActiveCfg = Debug|Any CPU
		{5FE42085-5A9E-4AF3-B797-4DC08A8950AB}.Debug|Any CPU.Build.0 = Debug|Any CPU
		{5FE42085-5A9E-4AF3-B797-4DC08A8950AB}.Release|Any CPU.ActiveCfg = Release|Any CPU
		{5FE42085-5A9E-4AF3-B797-4DC08A8950AB}.Release|Any CPU.Build.0 = Release|Any CPU
	EndGlobalSection
	GlobalSection(SolutionProperties) = preSolution
		HideSolutionNode = FALSE
	EndGlobalSection
	GlobalSection(ExtensibilityGlobals) = postSolution
		SolutionGuid = {19E6CFDE-724E-40B1-9940-4DCC933E7394}
	EndGlobalSection
EndGlobal
